
Microsoft Visual Studio Solution File, Format Version 12.00
# Visual Studio 15
VisualStudioVersion = 15.0.27428.2037
MinimumVisualStudioVersion = 10.0.40219.1
Project("{8BC9CEB8-8B4A-11D0-8D11-00A0C91BC942}") = "Dog Print", "Dog Print.vcxproj", "{19BD19C1-9D90-4F6A-913C-2907DA3759CC}"
EndProject
Global
	GlobalSection(SolutionConfigurationPlatforms) = preSolution
		Debug|x64 = Debug|x64
		Debug|x86 = Debug|x86
		Release|x64 = Release|x64
		Release|x86 = Release|x86
	EndGlobalSection
	GlobalSection(ProjectConfigurationPlatforms) = postSolution
		{19BD19C1-9D90-4F6A-913C-2907DA3759CC}.Debug|x64.ActiveCfg = Debug|x64
		{19BD19C1-9D90-4F6A-913C-2907DA3759CC}.Debug|x64.Build.0 = Debug|x64
		{19BD19C1-9D90-4F6A-913C-2907DA3759CC}.Debug|x86.ActiveCfg = Debug|Win32
		{19BD19C1-9D90-4F6A-913C-2907DA3759CC}.Debug|x86.Build.0 = Debug|Win32
		{19BD19C1-9D90-4F6A-913C-2907DA3759CC}.Release|x64.ActiveCfg = Release|x64
		{19BD19C1-9D90-4F6A-913C-2907DA3759CC}.Release|x64.Build.0 = Release|x64
		{19BD19C1-9D90-4F6A-913C-2907DA3759CC}.Release|x86.ActiveCfg = Release|Win32
		{19BD19C1-9D90-4F6A-913C-2907DA3759CC}.Release|x86.Build.0 = Release|Win32
	EndGlobalSection
	GlobalSection(SolutionProperties) = preSolution
		HideSolutionNode = FALSE
	EndGlobalSection
	GlobalSection(ExtensibilityGlobals) = postSolution
		SolutionGuid = {8E8721E9-5F3F-46BE-A21A-CC3CEA44262B}
	EndGlobalSection
EndGlobal
