
Microsoft Visual Studio Solution File, Format Version 12.00
# Visual Studio 15
VisualStudioVersion = 15.0.27428.2037
MinimumVisualStudioVersion = 10.0.40219.1
Project("{8BC9CEB8-8B4A-11D0-8D11-00A0C91BC942}") = "Add A B", "Add A B.vcxproj", "{CE8FA9B8-F3F2-46BE-A42A-722CB23B37FA}"
EndProject
Global
	GlobalSection(SolutionConfigurationPlatforms) = preSolution
		Debug|x64 = Debug|x64
		Debug|x86 = Debug|x86
		Release|x64 = Release|x64
		Release|x86 = Release|x86
	EndGlobalSection
	GlobalSection(ProjectConfigurationPlatforms) = postSolution
		{CE8FA9B8-F3F2-46BE-A42A-722CB23B37FA}.Debug|x64.ActiveCfg = Debug|x64
		{CE8FA9B8-F3F2-46BE-A42A-722CB23B37FA}.Debug|x64.Build.0 = Debug|x64
		{CE8FA9B8-F3F2-46BE-A42A-722CB23B37FA}.Debug|x86.ActiveCfg = Debug|Win32
		{CE8FA9B8-F3F2-46BE-A42A-722CB23B37FA}.Debug|x86.Build.0 = Debug|Win32
		{CE8FA9B8-F3F2-46BE-A42A-722CB23B37FA}.Release|x64.ActiveCfg = Release|x64
		{CE8FA9B8-F3F2-46BE-A42A-722CB23B37FA}.Release|x64.Build.0 = Release|x64
		{CE8FA9B8-F3F2-46BE-A42A-722CB23B37FA}.Release|x86.ActiveCfg = Release|Win32
		{CE8FA9B8-F3F2-46BE-A42A-722CB23B37FA}.Release|x86.Build.0 = Release|Win32
	EndGlobalSection
	GlobalSection(SolutionProperties) = preSolution
		HideSolutionNode = FALSE
	EndGlobalSection
	GlobalSection(ExtensibilityGlobals) = postSolution
		SolutionGuid = {4AB388BA-3B60-499A-AC49-628CBC9FC896}
	EndGlobalSection
EndGlobal
