<?xml version="1.0" encoding="utf-8"?>
<Project ToolsVersion="4.0" xmlns="http://schemas.microsoft.com/developer/msbuild/2003">
  <ItemGroup>
    <Filter Include="Shader File">
      <UniqueIdentifier>{e98278bd-8b57-47d5-b53f-a5b0a4d43511}</UniqueIdentifier>
    </Filter>
    <Filter Include="Source File">
      <UniqueIdentifier>{4FC737F1-C7A5-4376-A066-2A32D752A2FF}</UniqueIdentifier>
      <Extensions>cpp;c;cc;cxx;def;odl;idl;hpj;bat;asm;asmx</Extensions>
    </Filter>
    <Filter Include="Header File">
      <UniqueIdentifier>{93995380-89BD-4b04-88EB-625FBE52EBFB}</UniqueIdentifier>
      <Extensions>h;hh;hpp;hxx;hm;inl;inc;ipp;xsd</Extensions>
    </Filter>
  </ItemGroup>
  <ItemGroup>
    <ClCompile Include="main.cpp">
      <Filter>Source File</Filter>
    </ClCompile>
    <ClCompile Include="SystemClass.cpp">
      <Filter>Source File</Filter>
    </ClCompile>
    <ClCompile Include="InputClass.cpp">
      <Filter>Source File</Filter>
    </ClCompile>
    <ClCompile Include="GraphicsClass.cpp">
      <Filter>Source File</Filter>
    </ClCompile>
    <ClCompile Include="D3dClass.cpp">
      <Filter>Source File</Filter>
    </ClCompile>
    <ClCompile Include="ModelClass.cpp">
      <Filter>Source File</Filter>
    </ClCompile>
    <ClCompile Include="ColorShaderClass.cpp">
      <Filter>Source File</Filter>
    </ClCompile>
    <ClCompile Include="CameraClass.cpp">
      <Filter>Source File</Filter>
    </ClCompile>
  </ItemGroup>
  <ItemGroup>
    <ClInclude Include="SystemClass.h">
      <Filter>Header File</Filter>
    </ClInclude>
    <ClInclude Include="InputClass.h">
      <Filter>Header File</Filter>
    </ClInclude>
    <ClInclude Include="GraphicsClass.h">
      <Filter>Header File</Filter>
    </ClInclude>
    <ClInclude Include="NonMovable.h">
      <Filter>Header File</Filter>
    </ClInclude>
    <ClInclude Include="D3dClass.h">
      <Filter>Header File</Filter>
    </ClInclude>
    <ClInclude Include="AlignedAllocator.h">
      <Filter>Header File</Filter>
    </ClInclude>
    <ClInclude Include="ModelClass.h">
      <Filter>Header File</Filter>
    </ClInclude>
    <ClInclude Include="ColorShaderClass.h">
      <Filter>Header File</Filter>
    </ClInclude>
    <ClInclude Include="CameraClass.h">
      <Filter>Header File</Filter>
    </ClInclude>
  </ItemGroup>
  <ItemGroup>
    <FxCompile Include="VertexShader.hlsl">
      <Filter>Shader File</Filter>
    </FxCompile>
    <FxCompile Include="PixelShader.hlsl">
      <Filter>Shader File</Filter>
    </FxCompile>
  </ItemGroup>
</Project>