
Microsoft Visual Studio Solution File, Format Version 12.00
# Visual Studio 15
VisualStudioVersion = 15.0.27428.2037
MinimumVisualStudioVersion = 10.0.40219.1
Project("{8BC9CEB8-8B4A-11D0-8D11-00A0C91BC942}") = "Sub A B", "Sub A B.vcxproj", "{DD24A42E-C692-4E86-86FC-7D6734ABD4DA}"
EndProject
Global
	GlobalSection(SolutionConfigurationPlatforms) = preSolution
		Debug|x64 = Debug|x64
		Debug|x86 = Debug|x86
		Release|x64 = Release|x64
		Release|x86 = Release|x86
	EndGlobalSection
	GlobalSection(ProjectConfigurationPlatforms) = postSolution
		{DD24A42E-C692-4E86-86FC-7D6734ABD4DA}.Debug|x64.ActiveCfg = Debug|x64
		{DD24A42E-C692-4E86-86FC-7D6734ABD4DA}.Debug|x64.Build.0 = Debug|x64
		{DD24A42E-C692-4E86-86FC-7D6734ABD4DA}.Debug|x86.ActiveCfg = Debug|Win32
		{DD24A42E-C692-4E86-86FC-7D6734ABD4DA}.Debug|x86.Build.0 = Debug|Win32
		{DD24A42E-C692-4E86-86FC-7D6734ABD4DA}.Release|x64.ActiveCfg = Release|x64
		{DD24A42E-C692-4E86-86FC-7D6734ABD4DA}.Release|x64.Build.0 = Release|x64
		{DD24A42E-C692-4E86-86FC-7D6734ABD4DA}.Release|x86.ActiveCfg = Release|Win32
		{DD24A42E-C692-4E86-86FC-7D6734ABD4DA}.Release|x86.Build.0 = Release|Win32
	EndGlobalSection
	GlobalSection(SolutionProperties) = preSolution
		HideSolutionNode = FALSE
	EndGlobalSection
	GlobalSection(ExtensibilityGlobals) = postSolution
		SolutionGuid = {72BF1A62-351A-4E35-835C-BCDEA6E4FDA0}
	EndGlobalSection
EndGlobal
