
Microsoft Visual Studio Solution File, Format Version 12.00
# Visual Studio 15
VisualStudioVersion = 15.0.27703.2035
MinimumVisualStudioVersion = 10.0.40219.1
Project("{8BC9CEB8-8B4A-11D0-8D11-00A0C91BC942}") = "Number of words", "Number of words.vcxproj", "{49BA95E8-A855-41DC-BFD3-08C2CAFD580D}"
EndProject
Global
	GlobalSection(SolutionConfigurationPlatforms) = preSolution
		Debug|x64 = Debug|x64
		Debug|x86 = Debug|x86
		Release|x64 = Release|x64
		Release|x86 = Release|x86
	EndGlobalSection
	GlobalSection(ProjectConfigurationPlatforms) = postSolution
		{49BA95E8-A855-41DC-BFD3-08C2CAFD580D}.Debug|x64.ActiveCfg = Debug|x64
		{49BA95E8-A855-41DC-BFD3-08C2CAFD580D}.Debug|x64.Build.0 = Debug|x64
		{49BA95E8-A855-41DC-BFD3-08C2CAFD580D}.Debug|x86.ActiveCfg = Debug|Win32
		{49BA95E8-A855-41DC-BFD3-08C2CAFD580D}.Debug|x86.Build.0 = Debug|Win32
		{49BA95E8-A855-41DC-BFD3-08C2CAFD580D}.Release|x64.ActiveCfg = Release|x64
		{49BA95E8-A855-41DC-BFD3-08C2CAFD580D}.Release|x64.Build.0 = Release|x64
		{49BA95E8-A855-41DC-BFD3-08C2CAFD580D}.Release|x86.ActiveCfg = Release|Win32
		{49BA95E8-A855-41DC-BFD3-08C2CAFD580D}.Release|x86.Build.0 = Release|Win32
	EndGlobalSection
	GlobalSection(SolutionProperties) = preSolution
		HideSolutionNode = FALSE
	EndGlobalSection
	GlobalSection(ExtensibilityGlobals) = postSolution
		SolutionGuid = {3497D1C2-17F5-441C-A3E0-B11C9336A25D}
	EndGlobalSection
EndGlobal
