
Microsoft Visual Studio Solution File, Format Version 12.00
# Visual Studio 15
VisualStudioVersion = 15.0.27428.2037
MinimumVisualStudioVersion = 10.0.40219.1
Project("{8BC9CEB8-8B4A-11D0-8D11-00A0C91BC942}") = "My Account Print", "My Account Print.vcxproj", "{EAC8A888-3FA5-4556-8AE4-D26061D865A6}"
EndProject
Global
	GlobalSection(SolutionConfigurationPlatforms) = preSolution
		Debug|x64 = Debug|x64
		Debug|x86 = Debug|x86
		Release|x64 = Release|x64
		Release|x86 = Release|x86
	EndGlobalSection
	GlobalSection(ProjectConfigurationPlatforms) = postSolution
		{EAC8A888-3FA5-4556-8AE4-D26061D865A6}.Debug|x64.ActiveCfg = Debug|x64
		{EAC8A888-3FA5-4556-8AE4-D26061D865A6}.Debug|x64.Build.0 = Debug|x64
		{EAC8A888-3FA5-4556-8AE4-D26061D865A6}.Debug|x86.ActiveCfg = Debug|Win32
		{EAC8A888-3FA5-4556-8AE4-D26061D865A6}.Debug|x86.Build.0 = Debug|Win32
		{EAC8A888-3FA5-4556-8AE4-D26061D865A6}.Release|x64.ActiveCfg = Release|x64
		{EAC8A888-3FA5-4556-8AE4-D26061D865A6}.Release|x64.Build.0 = Release|x64
		{EAC8A888-3FA5-4556-8AE4-D26061D865A6}.Release|x86.ActiveCfg = Release|Win32
		{EAC8A888-3FA5-4556-8AE4-D26061D865A6}.Release|x86.Build.0 = Release|Win32
	EndGlobalSection
	GlobalSection(SolutionProperties) = preSolution
		HideSolutionNode = FALSE
	EndGlobalSection
	GlobalSection(ExtensibilityGlobals) = postSolution
		SolutionGuid = {26D68438-4BFE-44F8-B360-00AB45EAC6AD}
	EndGlobalSection
EndGlobal
