
Microsoft Visual Studio Solution File, Format Version 12.00
# Visual Studio 15
VisualStudioVersion = 15.0.28010.2036
MinimumVisualStudioVersion = 10.0.40219.1
Project("{F2A71F9B-5D33-465A-A702-920D77279786}") = "Fsharp note", "Fsharp note\Fsharp note.fsproj", "{C0150B6F-A140-4A10-92D9-B940E2CA8162}"
EndProject
Global
	GlobalSection(SolutionConfigurationPlatforms) = preSolution
		Debug|Any CPU = Debug|Any CPU
		Release|Any CPU = Release|Any CPU
	EndGlobalSection
	GlobalSection(ProjectConfigurationPlatforms) = postSolution
		{C0150B6F-A140-4A10-92D9-B940E2CA8162}.Debug|Any CPU.ActiveCfg = Debug|Any CPU
		{C0150B6F-A140-4A10-92D9-B940E2CA8162}.Debug|Any CPU.Build.0 = Debug|Any CPU
		{C0150B6F-A140-4A10-92D9-B940E2CA8162}.Release|Any CPU.ActiveCfg = Release|Any CPU
		{C0150B6F-A140-4A10-92D9-B940E2CA8162}.Release|Any CPU.Build.0 = Release|Any CPU
	EndGlobalSection
	GlobalSection(SolutionProperties) = preSolution
		HideSolutionNode = FALSE
	EndGlobalSection
	GlobalSection(ExtensibilityGlobals) = postSolution
		SolutionGuid = {DFAF57B2-DEA6-4539-8E30-B7CB27136964}
	EndGlobalSection
EndGlobal
