
Microsoft Visual Studio Solution File, Format Version 12.00
# Visual Studio 15
VisualStudioVersion = 15.0.28010.2036
MinimumVisualStudioVersion = 10.0.40219.1
Project("{F2A71F9B-5D33-465A-A702-920D77279786}") = "Sum Or Multiply Calc", "Sum Or Multiply Calc\Sum Or Multiply Calc.fsproj", "{24C09A4C-836F-4938-B32F-EF7F4F50E8FE}"
EndProject
Global
	GlobalSection(SolutionConfigurationPlatforms) = preSolution
		Debug|Any CPU = Debug|Any CPU
		Release|Any CPU = Release|Any CPU
	EndGlobalSection
	GlobalSection(ProjectConfigurationPlatforms) = postSolution
		{24C09A4C-836F-4938-B32F-EF7F4F50E8FE}.Debug|Any CPU.ActiveCfg = Debug|Any CPU
		{24C09A4C-836F-4938-B32F-EF7F4F50E8FE}.Debug|Any CPU.Build.0 = Debug|Any CPU
		{24C09A4C-836F-4938-B32F-EF7F4F50E8FE}.Release|Any CPU.ActiveCfg = Release|Any CPU
		{24C09A4C-836F-4938-B32F-EF7F4F50E8FE}.Release|Any CPU.Build.0 = Release|Any CPU
	EndGlobalSection
	GlobalSection(SolutionProperties) = preSolution
		HideSolutionNode = FALSE
	EndGlobalSection
	GlobalSection(ExtensibilityGlobals) = postSolution
		SolutionGuid = {00F1C669-8404-4B05-B5D3-F9EF3BE8674B}
	EndGlobalSection
EndGlobal
