<?xml version="1.0" encoding="utf-8"?>
<Project ToolsVersion="4.0" xmlns="http://schemas.microsoft.com/developer/msbuild/2003">
  <ItemGroup>
    <Filter Include="Shader File">
      <UniqueIdentifier>{74ffe06c-37a6-4c8e-b139-c31e826d472b}</UniqueIdentifier>
    </Filter>
    <Filter Include="Header File">
      <UniqueIdentifier>{ec3e441f-2dd5-4a6b-92d2-f517d0a6560d}</UniqueIdentifier>
    </Filter>
    <Filter Include="Source File">
      <UniqueIdentifier>{08b6c0d4-39ca-45b0-83f8-dc8feda454eb}</UniqueIdentifier>
    </Filter>
  </ItemGroup>
  <ItemGroup>
    <FxCompile Include="Shader\ColorPixelShader.hlsl">
      <Filter>Shader File</Filter>
    </FxCompile>
    <FxCompile Include="Shader\ColorVertexShader.hlsl">
      <Filter>Shader File</Filter>
    </FxCompile>
  </ItemGroup>
  <ItemGroup>
    <ClCompile Include="Source\System.cpp">
      <Filter>Source File</Filter>
    </ClCompile>
    <ClCompile Include="Source\stdafx.cpp">
      <Filter>Source File</Filter>
    </ClCompile>
    <ClCompile Include="Source\main.cpp">
      <Filter>Source File</Filter>
    </ClCompile>
    <ClCompile Include="Source\D3DManager.cpp">
      <Filter>Source File</Filter>
    </ClCompile>
    <ClCompile Include="Source\InputManager.cpp">
      <Filter>Source File</Filter>
    </ClCompile>
    <ClCompile Include="Source\RenderManager.cpp">
      <Filter>Source File</Filter>
    </ClCompile>
    <ClCompile Include="Source\Model.cpp">
      <Filter>Source File</Filter>
    </ClCompile>
    <ClCompile Include="Source\Shader.cpp">
      <Filter>Source File</Filter>
    </ClCompile>
    <ClCompile Include="Source\Camera.cpp">
      <Filter>Source File</Filter>
    </ClCompile>
    <ClCompile Include="Source\ColorShader.cpp">
      <Filter>Source File</Filter>
    </ClCompile>
  </ItemGroup>
  <ItemGroup>
    <ClInclude Include="Source\System.h">
      <Filter>Header File</Filter>
    </ClInclude>
    <ClInclude Include="Source\stdafx.h">
      <Filter>Header File</Filter>
    </ClInclude>
    <ClInclude Include="Source\targetver.h">
      <Filter>Header File</Filter>
    </ClInclude>
    <ClInclude Include="Source\RenderManager.h">
      <Filter>Header File</Filter>
    </ClInclude>
    <ClInclude Include="Source\InputManager.h">
      <Filter>Header File</Filter>
    </ClInclude>
    <ClInclude Include="Source\D3DManager.h">
      <Filter>Header File</Filter>
    </ClInclude>
    <ClInclude Include="Source\Model.h">
      <Filter>Header File</Filter>
    </ClInclude>
    <ClInclude Include="Source\Shader.h">
      <Filter>Header File</Filter>
    </ClInclude>
    <ClInclude Include="Source\Camera.h">
      <Filter>Header File</Filter>
    </ClInclude>
    <ClInclude Include="Source\ColorShader.h">
      <Filter>Header File</Filter>
    </ClInclude>
  </ItemGroup>
</Project>