
Microsoft Visual Studio Solution File, Format Version 12.00
# Visual Studio 15
VisualStudioVersion = 15.0.27428.2037
MinimumVisualStudioVersion = 10.0.40219.1
Project("{8BC9CEB8-8B4A-11D0-8D11-00A0C91BC942}") = "Hello World", "Hello World.vcxproj", "{95547FB6-5F42-4CE4-8A2D-BA9A40511A71}"
EndProject
Global
	GlobalSection(SolutionConfigurationPlatforms) = preSolution
		Debug|x64 = Debug|x64
		Debug|x86 = Debug|x86
		Release|x64 = Release|x64
		Release|x86 = Release|x86
	EndGlobalSection
	GlobalSection(ProjectConfigurationPlatforms) = postSolution
		{95547FB6-5F42-4CE4-8A2D-BA9A40511A71}.Debug|x64.ActiveCfg = Debug|x64
		{95547FB6-5F42-4CE4-8A2D-BA9A40511A71}.Debug|x64.Build.0 = Debug|x64
		{95547FB6-5F42-4CE4-8A2D-BA9A40511A71}.Debug|x86.ActiveCfg = Debug|Win32
		{95547FB6-5F42-4CE4-8A2D-BA9A40511A71}.Debug|x86.Build.0 = Debug|Win32
		{95547FB6-5F42-4CE4-8A2D-BA9A40511A71}.Release|x64.ActiveCfg = Release|x64
		{95547FB6-5F42-4CE4-8A2D-BA9A40511A71}.Release|x64.Build.0 = Release|x64
		{95547FB6-5F42-4CE4-8A2D-BA9A40511A71}.Release|x86.ActiveCfg = Release|Win32
		{95547FB6-5F42-4CE4-8A2D-BA9A40511A71}.Release|x86.Build.0 = Release|Win32
	EndGlobalSection
	GlobalSection(SolutionProperties) = preSolution
		HideSolutionNode = FALSE
	EndGlobalSection
	GlobalSection(ExtensibilityGlobals) = postSolution
		SolutionGuid = {47725218-1D6F-45D0-971E-DCC3D592635F}
	EndGlobalSection
EndGlobal
